
Microsoft Visual Studio Solution File, Format Version 12.00
# Visual Studio Version 16
VisualStudioVersion = 16.0.29806.167
MinimumVisualStudioVersion = 10.0.40219.1
Project("{FAE04EC0-301F-11D3-BF4B-00C04F79EFBC}") = "iSpy", "iSpy.csproj", "{A8B052C5-7701-4640-BDD0-0DEED37BEABE}"
EndProject
Project("{FAE04EC0-301F-11D3-BF4B-00C04F79EFBC}") = "KeyCapture", "..\KeyCapture\KeyCapture.csproj", "{0BE9BCC2-0538-45F3-BE98-070756DCA1E1}"
EndProject
Project("{FAE04EC0-301F-11D3-BF4B-00C04F79EFBC}") = "Log", "..\Log\Log.csproj", "{1BB76692-D627-41B2-8264-5BC917C5CD73}"
EndProject
Project("{FAE04EC0-301F-11D3-BF4B-00C04F79EFBC}") = "WindowCapture", "..\WindowCapture\WindowCapture.csproj", "{50CC4D97-F52C-46A0-8D44-E08FD6C628A9}"
EndProject
Project("{FAE04EC0-301F-11D3-BF4B-00C04F79EFBC}") = "Email", "..\Email\Email.csproj", "{769CF844-DE04-4256-9C12-CED1154E5272}"
EndProject
Global
	GlobalSection(SolutionConfigurationPlatforms) = preSolution
		Debug|Any CPU = Debug|Any CPU
		Release|Any CPU = Release|Any CPU
	EndGlobalSection
	GlobalSection(ProjectConfigurationPlatforms) = postSolution
		{A8B052C5-7701-4640-BDD0-0DEED37BEABE}.Debug|Any CPU.ActiveCfg = Debug|Any CPU
		{A8B052C5-7701-4640-BDD0-0DEED37BEABE}.Debug|Any CPU.Build.0 = Debug|Any CPU
		{A8B052C5-7701-4640-BDD0-0DEED37BEABE}.Release|Any CPU.ActiveCfg = Release|Any CPU
		{A8B052C5-7701-4640-BDD0-0DEED37BEABE}.Release|Any CPU.Build.0 = Release|Any CPU
		{0BE9BCC2-0538-45F3-BE98-070756DCA1E1}.Debug|Any CPU.ActiveCfg = Debug|Any CPU
		{0BE9BCC2-0538-45F3-BE98-070756DCA1E1}.Debug|Any CPU.Build.0 = Debug|Any CPU
		{0BE9BCC2-0538-45F3-BE98-070756DCA1E1}.Release|Any CPU.ActiveCfg = Release|Any CPU
		{0BE9BCC2-0538-45F3-BE98-070756DCA1E1}.Release|Any CPU.Build.0 = Release|Any CPU
		{1BB76692-D627-41B2-8264-5BC917C5CD73}.Debug|Any CPU.ActiveCfg = Debug|Any CPU
		{1BB76692-D627-41B2-8264-5BC917C5CD73}.Debug|Any CPU.Build.0 = Debug|Any CPU
		{1BB76692-D627-41B2-8264-5BC917C5CD73}.Release|Any CPU.ActiveCfg = Release|Any CPU
		{1BB76692-D627-41B2-8264-5BC917C5CD73}.Release|Any CPU.Build.0 = Release|Any CPU
		{50CC4D97-F52C-46A0-8D44-E08FD6C628A9}.Debug|Any CPU.ActiveCfg = Debug|Any CPU
		{50CC4D97-F52C-46A0-8D44-E08FD6C628A9}.Debug|Any CPU.Build.0 = Debug|Any CPU
		{50CC4D97-F52C-46A0-8D44-E08FD6C628A9}.Release|Any CPU.ActiveCfg = Release|Any CPU
		{50CC4D97-F52C-46A0-8D44-E08FD6C628A9}.Release|Any CPU.Build.0 = Release|Any CPU
		{769CF844-DE04-4256-9C12-CED1154E5272}.Debug|Any CPU.ActiveCfg = Debug|Any CPU
		{769CF844-DE04-4256-9C12-CED1154E5272}.Debug|Any CPU.Build.0 = Debug|Any CPU
		{769CF844-DE04-4256-9C12-CED1154E5272}.Release|Any CPU.ActiveCfg = Release|Any CPU
		{769CF844-DE04-4256-9C12-CED1154E5272}.Release|Any CPU.Build.0 = Release|Any CPU
	EndGlobalSection
	GlobalSection(SolutionProperties) = preSolution
		HideSolutionNode = FALSE
	EndGlobalSection
	GlobalSection(ExtensibilityGlobals) = postSolution
		SolutionGuid = {DAB90C1C-447F-4CE8-B2F4-152B1665F4B0}
	EndGlobalSection
EndGlobal
